// !$*UTF8*$!
{
	archiveVersion = 1;
	classes = {
	};
	objectVersion = 56;
	objects = {

/* Begin PBXBuildFile section */
		6463C0B22C744E8800ACA340 /* BluetoothVC.swift in Sources */ = {isa = PBXBuildFile; fileRef = 6463C0B12C744E8800ACA340 /* BluetoothVC.swift */; };
		6463C0B42C7451AB00ACA340 /* BluetoothTableCell.swift in Sources */ = {isa = PBXBuildFile; fileRef = 6463C0B32C7451AB00ACA340 /* BluetoothTableCell.swift */; };
		64A8725B2C6AE5060017A799 /* AppDelegate.swift in Sources */ = {isa = PBXBuildFile; fileRef = 64A8725A2C6AE5060017A799 /* AppDelegate.swift */; };
		64A8725D2C6AE5060017A799 /* SceneDelegate.swift in Sources */ = {isa = PBXBuildFile; fileRef = 64A8725C2C6AE5060017A799 /* SceneDelegate.swift */; };
		64A8725F2C6AE5060017A799 /* ViewController.swift in Sources */ = {isa = PBXBuildFile; fileRef = 64A8725E2C6AE5060017A799 /* ViewController.swift */; };
		64A872622C6AE5060017A799 /* Main.storyboard in Resources */ = {isa = PBXBuildFile; fileRef = 64A872602C6AE5060017A799 /* Main.storyboard */; };
		64A872652C6AE5060017A799 /* MQTTSample.xcdatamodeld in Sources */ = {isa = PBXBuildFile; fileRef = 64A872632C6AE5060017A799 /* MQTTSample.xcdatamodeld */; };
		64A872672C6AE5070017A799 /* Assets.xcassets in Resources */ = {isa = PBXBuildFile; fileRef = 64A872662C6AE5070017A799 /* Assets.xcassets */; };
		64A8726A2C6AE5070017A799 /* LaunchScreen.storyboard in Resources */ = {isa = PBXBuildFile; fileRef = 64A872682C6AE5070017A799 /* LaunchScreen.storyboard */; };
		64A872732C6AE5E10017A799 /* CocoaMQTT in Frameworks */ = {isa = PBXBuildFile; productRef = 64A872722C6AE5E10017A799 /* CocoaMQTT */; };
		64A872752C6AE5E10017A799 /* CocoaMQTTWebSocket in Frameworks */ = {isa = PBXBuildFile; productRef = 64A872742C6AE5E10017A799 /* CocoaMQTTWebSocket */; };
		64A8727B2C6B063C0017A799 /* Starscream in Frameworks */ = {isa = PBXBuildFile; productRef = 64A8727A2C6B063C0017A799 /* Starscream */; };
/* End PBXBuildFile section */

/* Begin PBXFileReference section */
		6463C0B12C744E8800ACA340 /* BluetoothVC.swift */ = {isa = PBXFileReference; lastKnownFileType = sourcecode.swift; path = BluetoothVC.swift; sourceTree = "<group>"; };
		6463C0B32C7451AB00ACA340 /* BluetoothTableCell.swift */ = {isa = PBXFileReference; lastKnownFileType = sourcecode.swift; path = BluetoothTableCell.swift; sourceTree = "<group>"; };
		64A872572C6AE5060017A799 /* MQTTSample.app */ = {isa = PBXFileReference; explicitFileType = wrapper.application; includeInIndex = 0; path = MQTTSample.app; sourceTree = BUILT_PRODUCTS_DIR; };
		64A8725A2C6AE5060017A799 /* AppDelegate.swift */ = {isa = PBXFileReference; lastKnownFileType = sourcecode.swift; path = AppDelegate.swift; sourceTree = "<group>"; };
		64A8725C2C6AE5060017A799 /* SceneDelegate.swift */ = {isa = PBXFileReference; lastKnownFileType = sourcecode.swift; path = SceneDelegate.swift; sourceTree = "<group>"; };
		64A8725E2C6AE5060017A799 /* ViewController.swift */ = {isa = PBXFileReference; lastKnownFileType = sourcecode.swift; path = ViewController.swift; sourceTree = "<group>"; };
		64A872612C6AE5060017A799 /* Base */ = {isa = PBXFileReference; lastKnownFileType = file.storyboard; name = Base; path = Base.lproj/Main.storyboard; sourceTree = "<group>"; };
		64A872642C6AE5060017A799 /* MQTTSample.xcdatamodel */ = {isa = PBXFileReference; lastKnownFileType = wrapper.xcdatamodel; path = MQTTSample.xcdatamodel; sourceTree = "<group>"; };
		64A872662C6AE5070017A799 /* Assets.xcassets */ = {isa = PBXFileReference; lastKnownFileType = folder.assetcatalog; path = Assets.xcassets; sourceTree = "<group>"; };
		64A872692C6AE5070017A799 /* Base */ = {isa = PBXFileReference; lastKnownFileType = file.storyboard; name = Base; path = Base.lproj/LaunchScreen.storyboard; sourceTree = "<group>"; };
		64A8726B2C6AE5070017A799 /* Info.plist */ = {isa = PBXFileReference; lastKnownFileType = text.plist.xml; path = Info.plist; sourceTree = "<group>"; };
/* End PBXFileReference section */

/* Begin PBXFrameworksBuildPhase section */
		64A872542C6AE5060017A799 /* Frameworks */ = {
			isa = PBXFrameworksBuildPhase;
			buildActionMask = 2147483647;
			files = (
				64A872752C6AE5E10017A799 /* CocoaMQTTWebSocket in Frameworks */,
				64A872732C6AE5E10017A799 /* CocoaMQTT in Frameworks */,
				64A8727B2C6B063C0017A799 /* Starscream in Frameworks */,
			);
			runOnlyForDeploymentPostprocessing = 0;
		};
/* End PBXFrameworksBuildPhase section */

/* Begin PBXGroup section */
		64A8724E2C6AE5060017A799 = {
			isa = PBXGroup;
			children = (
				64A872592C6AE5060017A799 /* MQTTSample */,
				64A872582C6AE5060017A799 /* Products */,
			);
			sourceTree = "<group>";
		};
		64A872582C6AE5060017A799 /* Products */ = {
			isa = PBXGroup;
			children = (
				64A872572C6AE5060017A799 /* MQTTSample.app */,
			);
			name = Products;
			sourceTree = "<group>";
		};
		64A872592C6AE5060017A799 /* MQTTSample */ = {
			isa = PBXGroup;
			children = (
				64A8725A2C6AE5060017A799 /* AppDelegate.swift */,
				64A8725C2C6AE5060017A799 /* SceneDelegate.swift */,
				64A8725E2C6AE5060017A799 /* ViewController.swift */,
				6463C0B12C744E8800ACA340 /* BluetoothVC.swift */,
				6463C0B32C7451AB00ACA340 /* BluetoothTableCell.swift */,
				64A872602C6AE5060017A799 /* Main.storyboard */,
				64A872662C6AE5070017A799 /* Assets.xcassets */,
				64A872682C6AE5070017A799 /* LaunchScreen.storyboard */,
				64A8726B2C6AE5070017A799 /* Info.plist */,
				64A872632C6AE5060017A799 /* MQTTSample.xcdatamodeld */,
			);
			path = MQTTSample;
			sourceTree = "<group>";
		};
/* End PBXGroup section */

/* Begin PBXNativeTarget section */
		64A872562C6AE5060017A799 /* MQTTSample */ = {
			isa = PBXNativeTarget;
			buildConfigurationList = 64A8726E2C6AE5070017A799 /* Build configuration list for PBXNativeTarget "MQTTSample" */;
			buildPhases = (
				64A872532C6AE5060017A799 /* Sources */,
				64A872542C6AE5060017A799 /* Frameworks */,
				64A872552C6AE5060017A799 /* Resources */,
			);
			buildRules = (
			);
			dependencies = (
			);
			name = MQTTSample;
			packageProductDependencies = (
				64A872722C6AE5E10017A799 /* CocoaMQTT */,
				64A872742C6AE5E10017A799 /* CocoaMQTTWebSocket */,
				64A8727A2C6B063C0017A799 /* Starscream */,
			);
			productName = MQTTSample;
			productReference = 64A872572C6AE5060017A799 /* MQTTSample.app */;
			productType = "com.apple.product-type.application";
		};
/* End PBXNativeTarget section */

/* Begin PBXProject section */
		64A8724F2C6AE5060017A799 /* Project object */ = {
			isa = PBXProject;
			attributes = {
				BuildIndependentTargetsInParallel = 1;
				LastSwiftUpdateCheck = 1500;
				LastUpgradeCheck = 1500;
				TargetAttributes = {
					64A872562C6AE5060017A799 = {
						CreatedOnToolsVersion = 15.0;
					};
				};
			};
			buildConfigurationList = 64A872522C6AE5060017A799 /* Build configuration list for PBXProject "MQTTSample" */;
			compatibilityVersion = "Xcode 14.0";
			developmentRegion = en;
			hasScannedForEncodings = 0;
			knownRegions = (
				en,
				Base,
			);
			mainGroup = 64A8724E2C6AE5060017A799;
			packageReferences = (
				64A872712C6AE5E10017A799 /* XCRemoteSwiftPackageReference "CocoaMQTT" */,
				64A872792C6B063C0017A799 /* XCRemoteSwiftPackageReference "Starscream" */,
			);
			productRefGroup = 64A872582C6AE5060017A799 /* Products */;
			projectDirPath = "";
			projectRoot = "";
			targets = (
				64A872562C6AE5060017A799 /* MQTTSample */,
			);
		};
/* End PBXProject section */

/* Begin PBXResourcesBuildPhase section */
		64A872552C6AE5060017A799 /* Resources */ = {
			isa = PBXResourcesBuildPhase;
			buildActionMask = 2147483647;
			files = (
				64A8726A2C6AE5070017A799 /* LaunchScreen.storyboard in Resources */,
				64A872672C6AE5070017A799 /* Assets.xcassets in Resources */,
				64A872622C6AE5060017A799 /* Main.storyboard in Resources */,
			);
			runOnlyForDeploymentPostprocessing = 0;
		};
/* End PBXResourcesBuildPhase section */

/* Begin PBXSourcesBuildPhase section */
		64A872532C6AE5060017A799 /* Sources */ = {
			isa = PBXSourcesBuildPhase;
			buildActionMask = 2147483647;
			files = (
				64A8725F2C6AE5060017A799 /* ViewController.swift in Sources */,
				6463C0B42C7451AB00ACA340 /* BluetoothTableCell.swift in Sources */,
				64A8725B2C6AE5060017A799 /* AppDelegate.swift in Sources */,
				64A8725D2C6AE5060017A799 /* SceneDelegate.swift in Sources */,
				64A872652C6AE5060017A799 /* MQTTSample.xcdatamodeld in Sources */,
				6463C0B22C744E8800ACA340 /* BluetoothVC.swift in Sources */,
			);
			runOnlyForDeploymentPostprocessing = 0;
		};
/* End PBXSourcesBuildPhase section */

/* Begin PBXVariantGroup section */
		64A872602C6AE5060017A799 /* Main.storyboard */ = {
			isa = PBXVariantGroup;
			children = (
				64A872612C6AE5060017A799 /* Base */,
			);
			name = Main.storyboard;
			sourceTree = "<group>";
		};
		64A872682C6AE5070017A799 /* LaunchScreen.storyboard */ = {
			isa = PBXVariantGroup;
			children = (
				64A872692C6AE5070017A799 /* Base */,
			);
			name = LaunchScreen.storyboard;
			sourceTree = "<group>";
		};
/* End PBXVariantGroup section */

/* Begin XCBuildConfiguration section */
		64A8726C2C6AE5070017A799 /* Debug */ = {
			isa = XCBuildConfiguration;
			buildSettings = {
				ALWAYS_SEARCH_USER_PATHS = NO;
				ASSETCATALOG_COMPILER_GENERATE_SWIFT_ASSET_SYMBOL_EXTENSIONS = YES;
				CLANG_ANALYZER_NONNULL = YES;
				CLANG_ANALYZER_NUMBER_OBJECT_CONVERSION = YES_AGGRESSIVE;
				CLANG_CXX_LANGUAGE_STANDARD = "gnu++20";
				CLANG_ENABLE_MODULES = YES;
				CLANG_ENABLE_OBJC_ARC = YES;
				CLANG_ENABLE_OBJC_WEAK = YES;
				CLANG_WARN_BLOCK_CAPTURE_AUTORELEASING = YES;
				CLANG_WARN_BOOL_CONVERSION = YES;
				CLANG_WARN_COMMA = YES;
				CLANG_WARN_CONSTANT_CONVERSION = YES;
				CLANG_WARN_DEPRECATED_OBJC_IMPLEMENTATIONS = YES;
				CLANG_WARN_DIRECT_OBJC_ISA_USAGE = YES_ERROR;
				CLANG_WARN_DOCUMENTATION_COMMENTS = YES;
				CLANG_WARN_EMPTY_BODY = YES;
				CLANG_WARN_ENUM_CONVERSION = YES;
				CLANG_WARN_INFINITE_RECURSION = YES;
				CLANG_WARN_INT_CONVERSION = YES;
				CLANG_WARN_NON_LITERAL_NULL_CONVERSION = YES;
				CLANG_WARN_OBJC_IMPLICIT_RETAIN_SELF = YES;
				CLANG_WARN_OBJC_LITERAL_CONVERSION = YES;
				CLANG_WARN_OBJC_ROOT_CLASS = YES_ERROR;
				CLANG_WARN_QUOTED_INCLUDE_IN_FRAMEWORK_HEADER = YES;
				CLANG_WARN_RANGE_LOOP_ANALYSIS = YES;
				CLANG_WARN_STRICT_PROTOTYPES = YES;
				CLANG_WARN_SUSPICIOUS_MOVE = YES;
				CLANG_WARN_UNGUARDED_AVAILABILITY = YES_AGGRESSIVE;
				CLANG_WARN_UNREACHABLE_CODE = YES;
				CLANG_WARN__DUPLICATE_METHOD_MATCH = YES;
				COPY_PHASE_STRIP = NO;
				DEBUG_INFORMATION_FORMAT = dwarf;
				ENABLE_STRICT_OBJC_MSGSEND = YES;
				ENABLE_TESTABILITY = YES;
				ENABLE_USER_SCRIPT_SANDBOXING = YES;
				GCC_C_LANGUAGE_STANDARD = gnu17;
				GCC_DYNAMIC_NO_PIC = NO;
				GCC_NO_COMMON_BLOCKS = YES;
				GCC_OPTIMIZATION_LEVEL = 0;
				GCC_PREPROCESSOR_DEFINITIONS = (
					"DEBUG=1",
					"$(inherited)",
				);
				GCC_WARN_64_TO_32_BIT_CONVERSION = YES;
				GCC_WARN_ABOUT_RETURN_TYPE = YES_ERROR;
				GCC_WARN_UNDECLARED_SELECTOR = YES;
				GCC_WARN_UNINITIALIZED_AUTOS = YES_AGGRESSIVE;
				GCC_WARN_UNUSED_FUNCTION = YES;
				GCC_WARN_UNUSED_VARIABLE = YES;
				IPHONEOS_DEPLOYMENT_TARGET = 17.0;
				LOCALIZATION_PREFERS_STRING_CATALOGS = YES;
				MTL_ENABLE_DEBUG_INFO = INCLUDE_SOURCE;
				MTL_FAST_MATH = YES;
				ONLY_ACTIVE_ARCH = YES;
				SDKROOT = iphoneos;
				SWIFT_ACTIVE_COMPILATION_CONDITIONS = "DEBUG $(inherited)";
				SWIFT_OPTIMIZATION_LEVEL = "-Onone";
			};
			name = Debug;
		};
		64A8726D2C6AE5070017A799 /* Release */ = {
			isa = XCBuildConfiguration;
			buildSettings = {
				ALWAYS_SEARCH_USER_PATHS = NO;
				ASSETCATALOG_COMPILER_GENERATE_SWIFT_ASSET_SYMBOL_EXTENSIONS = YES;
				CLANG_ANALYZER_NONNULL = YES;
				CLANG_ANALYZER_NUMBER_OBJECT_CONVERSION = YES_AGGRESSIVE;
				CLANG_CXX_LANGUAGE_STANDARD = "gnu++20";
				CLANG_ENABLE_MODULES = YES;
				CLANG_ENABLE_OBJC_ARC = YES;
				CLANG_ENABLE_OBJC_WEAK = YES;
				CLANG_WARN_BLOCK_CAPTURE_AUTORELEASING = YES;
				CLANG_WARN_BOOL_CONVERSION = YES;
				CLANG_WARN_COMMA = YES;
				CLANG_WARN_CONSTANT_CONVERSION = YES;
				CLANG_WARN_DEPRECATED_OBJC_IMPLEMENTATIONS = YES;
				CLANG_WARN_DIRECT_OBJC_ISA_USAGE = YES_ERROR;
				CLANG_WARN_DOCUMENTATION_COMMENTS = YES;
				CLANG_WARN_EMPTY_BODY = YES;
				CLANG_WARN_ENUM_CONVERSION = YES;
				CLANG_WARN_INFINITE_RECURSION = YES;
				CLANG_WARN_INT_CONVERSION = YES;
				CLANG_WARN_NON_LITERAL_NULL_CONVERSION = YES;
				CLANG_WARN_OBJC_IMPLICIT_RETAIN_SELF = YES;
				CLANG_WARN_OBJC_LITERAL_CONVERSION = YES;
				CLANG_WARN_OBJC_ROOT_CLASS = YES_ERROR;
				CLANG_WARN_QUOTED_INCLUDE_IN_FRAMEWORK_HEADER = YES;
				CLANG_WARN_RANGE_LOOP_ANALYSIS = YES;
				CLANG_WARN_STRICT_PROTOTYPES = YES;
				CLANG_WARN_SUSPICIOUS_MOVE = YES;
				CLANG_WARN_UNGUARDED_AVAILABILITY = YES_AGGRESSIVE;
				CLANG_WARN_UNREACHABLE_CODE = YES;
				CLANG_WARN__DUPLICATE_METHOD_MATCH = YES;
				COPY_PHASE_STRIP = NO;
				DEBUG_INFORMATION_FORMAT = "dwarf-with-dsym";
				ENABLE_NS_ASSERTIONS = NO;
				ENABLE_STRICT_OBJC_MSGSEND = YES;
				ENABLE_USER_SCRIPT_SANDBOXING = YES;
				GCC_C_LANGUAGE_STANDARD = gnu17;
				GCC_NO_COMMON_BLOCKS = YES;
				GCC_WARN_64_TO_32_BIT_CONVERSION = YES;
				GCC_WARN_ABOUT_RETURN_TYPE = YES_ERROR;
				GCC_WARN_UNDECLARED_SELECTOR = YES;
				GCC_WARN_UNINITIALIZED_AUTOS = YES_AGGRESSIVE;
				GCC_WARN_UNUSED_FUNCTION = YES;
				GCC_WARN_UNUSED_VARIABLE = YES;
				IPHONEOS_DEPLOYMENT_TARGET = 17.0;
				LOCALIZATION_PREFERS_STRING_CATALOGS = YES;
				MTL_ENABLE_DEBUG_INFO = NO;
				MTL_FAST_MATH = YES;
				SDKROOT = iphoneos;
				SWIFT_COMPILATION_MODE = wholemodule;
				VALIDATE_PRODUCT = YES;
			};
			name = Release;
		};
		64A8726F2C6AE5070017A799 /* Debug */ = {
			isa = XCBuildConfiguration;
			buildSettings = {
				ASSETCATALOG_COMPILER_APPICON_NAME = AppIcon;
				ASSETCATALOG_COMPILER_GLOBAL_ACCENT_COLOR_NAME = AccentColor;
				CODE_SIGN_STYLE = Automatic;
				CURRENT_PROJECT_VERSION = 1;
				DEVELOPMENT_TEAM = 9469AU9P94;
				GENERATE_INFOPLIST_FILE = YES;
				INFOPLIST_FILE = MQTTSample/Info.plist;
				INFOPLIST_KEY_NSBluetoothAlwaysUsageDescription = "기기연결에 사용";
				INFOPLIST_KEY_NSBluetoothPeripheralUsageDescription = "기기연결에 사용";
				INFOPLIST_KEY_UIApplicationSupportsIndirectInputEvents = YES;
				INFOPLIST_KEY_UILaunchStoryboardName = LaunchScreen;
				INFOPLIST_KEY_UIMainStoryboardFile = Main;
				INFOPLIST_KEY_UISupportedInterfaceOrientations_iPad = "UIInterfaceOrientationPortrait UIInterfaceOrientationPortraitUpsideDown UIInterfaceOrientationLandscapeLeft UIInterfaceOrientationLandscapeRight";
				INFOPLIST_KEY_UISupportedInterfaceOrientations_iPhone = "UIInterfaceOrientationPortrait UIInterfaceOrientationLandscapeLeft UIInterfaceOrientationLandscapeRight";
				LD_RUNPATH_SEARCH_PATHS = (
					"$(inherited)",
					"@executable_path/Frameworks",
				);
				MARKETING_VERSION = 1.0;
				PRODUCT_BUNDLE_IDENTIFIER = com.ymmy.MQTTSample;
				PRODUCT_NAME = "$(TARGET_NAME)";
				SWIFT_EMIT_LOC_STRINGS = YES;
				SWIFT_VERSION = 5.0;
				TARGETED_DEVICE_FAMILY = "1,2";
			};
			name = Debug;
		};
		64A872702C6AE5070017A799 /* Release */ = {
			isa = XCBuildConfiguration;
			buildSettings = {
				ASSETCATALOG_COMPILER_APPICON_NAME = AppIcon;
				ASSETCATALOG_COMPILER_GLOBAL_ACCENT_COLOR_NAME = AccentColor;
				CODE_SIGN_STYLE = Automatic;
				CURRENT_PROJECT_VERSION = 1;
				DEVELOPMENT_TEAM = 9469AU9P94;
				GENERATE_INFOPLIST_FILE = YES;
				INFOPLIST_FILE = MQTTSample/Info.plist;
				INFOPLIST_KEY_NSBluetoothAlwaysUsageDescription = "기기연결에 사용";
				INFOPLIST_KEY_NSBluetoothPeripheralUsageDescription = "기기연결에 사용";
				INFOPLIST_KEY_UIApplicationSupportsIndirectInputEvents = YES;
				INFOPLIST_KEY_UILaunchStoryboardName = LaunchScreen;
				INFOPLIST_KEY_UIMainStoryboardFile = Main;
				INFOPLIST_KEY_UISupportedInterfaceOrientations_iPad = "UIInterfaceOrientationPortrait UIInterfaceOrientationPortraitUpsideDown UIInterfaceOrientationLandscapeLeft UIInterfaceOrientationLandscapeRight";
				INFOPLIST_KEY_UISupportedInterfaceOrientations_iPhone = "UIInterfaceOrientationPortrait UIInterfaceOrientationLandscapeLeft UIInterfaceOrientationLandscapeRight";
				LD_RUNPATH_SEARCH_PATHS = (
					"$(inherited)",
					"@executable_path/Frameworks",
				);
				MARKETING_VERSION = 1.0;
				PRODUCT_BUNDLE_IDENTIFIER = com.ymmy.MQTTSample;
				PRODUCT_NAME = "$(TARGET_NAME)";
				SWIFT_EMIT_LOC_STRINGS = YES;
				SWIFT_VERSION = 5.0;
				TARGETED_DEVICE_FAMILY = "1,2";
			};
			name = Release;
		};
/* End XCBuildConfiguration section */

/* Begin XCConfigurationList section */
		64A872522C6AE5060017A799 /* Build configuration list for PBXProject "MQTTSample" */ = {
			isa = XCConfigurationList;
			buildConfigurations = (
				64A8726C2C6AE5070017A799 /* Debug */,
				64A8726D2C6AE5070017A799 /* Release */,
			);
			defaultConfigurationIsVisible = 0;
			defaultConfigurationName = Release;
		};
		64A8726E2C6AE5070017A799 /* Build configuration list for PBXNativeTarget "MQTTSample" */ = {
			isa = XCConfigurationList;
			buildConfigurations = (
				64A8726F2C6AE5070017A799 /* Debug */,
				64A872702C6AE5070017A799 /* Release */,
			);
			defaultConfigurationIsVisible = 0;
			defaultConfigurationName = Release;
		};
/* End XCConfigurationList section */

/* Begin XCRemoteSwiftPackageReference section */
		64A872712C6AE5E10017A799 /* XCRemoteSwiftPackageReference "CocoaMQTT" */ = {
			isa = XCRemoteSwiftPackageReference;
			repositoryURL = "https://github.com/emqx/CocoaMQTT.git";
			requirement = {
				kind = upToNextMajorVersion;
				minimumVersion = 2.1.8;
			};
		};
		64A872792C6B063C0017A799 /* XCRemoteSwiftPackageReference "Starscream" */ = {
			isa = XCRemoteSwiftPackageReference;
			repositoryURL = "https://github.com/daltoniam/Starscream.git";
			requirement = {
				kind = exactVersion;
				version = 4.0.4;
			};
		};
/* End XCRemoteSwiftPackageReference section */

/* Begin XCSwiftPackageProductDependency section */
		64A872722C6AE5E10017A799 /* CocoaMQTT */ = {
			isa = XCSwiftPackageProductDependency;
			package = 64A872712C6AE5E10017A799 /* XCRemoteSwiftPackageReference "CocoaMQTT" */;
			productName = CocoaMQTT;
		};
		64A872742C6AE5E10017A799 /* CocoaMQTTWebSocket */ = {
			isa = XCSwiftPackageProductDependency;
			package = 64A872712C6AE5E10017A799 /* XCRemoteSwiftPackageReference "CocoaMQTT" */;
			productName = CocoaMQTTWebSocket;
		};
		64A8727A2C6B063C0017A799 /* Starscream */ = {
			isa = XCSwiftPackageProductDependency;
			package = 64A872792C6B063C0017A799 /* XCRemoteSwiftPackageReference "Starscream" */;
			productName = Starscream;
		};
/* End XCSwiftPackageProductDependency section */

/* Begin XCVersionGroup section */
		64A872632C6AE5060017A799 /* MQTTSample.xcdatamodeld */ = {
			isa = XCVersionGroup;
			children = (
				64A872642C6AE5060017A799 /* MQTTSample.xcdatamodel */,
			);
			currentVersion = 64A872642C6AE5060017A799 /* MQTTSample.xcdatamodel */;
			path = MQTTSample.xcdatamodeld;
			sourceTree = "<group>";
			versionGroupType = wrapper.xcdatamodel;
		};
/* End XCVersionGroup section */
	};
	rootObject = 64A8724F2C6AE5060017A799 /* Project object */;
}
